
Microsoft Visual Studio Solution File, Format Version 12.00
# Visual Studio Version 17
VisualStudioVersion = 17.7.34202.233
MinimumVisualStudioVersion = 10.0.40219.1
Project("{2150E333-8FDC-42A3-9474-1A3956D46DE8}") = "src", "src", "{FA72A89C-893E-4AD8-9E1C-0E21664E5B72}"
EndProject
Project("{2150E333-8FDC-42A3-9474-1A3956D46DE8}") = "tests", "tests", "{9FFB66D3-A639-4E03-90A6-D64FC6967E57}"
EndProject
Project("{9A19103F-16F7-4668-BE54-9A1E7A4F7556}") = "ECommerce.Core", "src\ECommerce.Core\ECommerce.Core.csproj", "{18FC8996-8333-4A55-9491-E06DF29DE4B0}"
EndProject
Project("{9A19103F-16F7-4668-BE54-9A1E7A4F7556}") = "ECommerce.Infastructure", "src\ECommerce.Infastructure\ECommerce.Infastructure.csproj", "{1793E278-8A24-4048-8F38-1D822A93F8E3}"
EndProject
Project("{9A19103F-16F7-4668-BE54-9A1E7A4F7556}") = "ECommerce.UI", "src\ECommerce.UI\ECommerce.UI.csproj", "{6380F083-F7F0-4F45-AE4F-9DE806F02C41}"
EndProject
Project("{9A19103F-16F7-4668-BE54-9A1E7A4F7556}") = "ECommerce.WebAPI", "src\ECommerce.WebAPI\ECommerce.WebAPI.csproj", "{BCB89636-1417-4A99-AAF5-C8B19A58DE90}"
EndProject
Project("{9A19103F-16F7-4668-BE54-9A1E7A4F7556}") = "XUnitCRUDTest", "test\XUnitCRUDTest\XUnitCRUDTest.csproj", "{B1FD55E1-5FDD-4187-81C5-97E4D9B8D269}"
EndProject
Project("{2150E333-8FDC-42A3-9474-1A3956D46DE8}") = "database", "database", "{B477DA40-7E4A-4361-A117-D731FC4E19A4}"
EndProject
Project("{54A90642-561A-4BB1-A94E-469ADEE60C69}") = "ecommerce-nextreact-ui", "src\ecommerce-reactui\ecommerce-nextreact-ui.esproj", "{72204414-FC8A-46A2-8E99-6BF78C9831DE}"
EndProject
Project("{FAE04EC0-301F-11D3-BF4B-00C04F79EFBC}") = "ECommerce.WebAPI.Auth", "src\ECommerce.WebAPI.Auth\ECommerce.WebAPI.Auth.csproj", "{0F55C4DA-9909-4202-A813-FAC33A2C8D02}"
EndProject
Global
	GlobalSection(SolutionConfigurationPlatforms) = preSolution
		Debug|Any CPU = Debug|Any CPU
		Release|Any CPU = Release|Any CPU
	EndGlobalSection
	GlobalSection(ProjectConfigurationPlatforms) = postSolution
		{18FC8996-8333-4A55-9491-E06DF29DE4B0}.Debug|Any CPU.ActiveCfg = Debug|Any CPU
		{18FC8996-8333-4A55-9491-E06DF29DE4B0}.Debug|Any CPU.Build.0 = Debug|Any CPU
		{18FC8996-8333-4A55-9491-E06DF29DE4B0}.Release|Any CPU.ActiveCfg = Release|Any CPU
		{18FC8996-8333-4A55-9491-E06DF29DE4B0}.Release|Any CPU.Build.0 = Release|Any CPU
		{1793E278-8A24-4048-8F38-1D822A93F8E3}.Debug|Any CPU.ActiveCfg = Debug|Any CPU
		{1793E278-8A24-4048-8F38-1D822A93F8E3}.Debug|Any CPU.Build.0 = Debug|Any CPU
		{1793E278-8A24-4048-8F38-1D822A93F8E3}.Release|Any CPU.ActiveCfg = Release|Any CPU
		{1793E278-8A24-4048-8F38-1D822A93F8E3}.Release|Any CPU.Build.0 = Release|Any CPU
		{6380F083-F7F0-4F45-AE4F-9DE806F02C41}.Debug|Any CPU.ActiveCfg = Debug|Any CPU
		{6380F083-F7F0-4F45-AE4F-9DE806F02C41}.Debug|Any CPU.Build.0 = Debug|Any CPU
		{6380F083-F7F0-4F45-AE4F-9DE806F02C41}.Release|Any CPU.ActiveCfg = Release|Any CPU
		{6380F083-F7F0-4F45-AE4F-9DE806F02C41}.Release|Any CPU.Build.0 = Release|Any CPU
		{BCB89636-1417-4A99-AAF5-C8B19A58DE90}.Debug|Any CPU.ActiveCfg = Debug|Any CPU
		{BCB89636-1417-4A99-AAF5-C8B19A58DE90}.Debug|Any CPU.Build.0 = Debug|Any CPU
		{BCB89636-1417-4A99-AAF5-C8B19A58DE90}.Release|Any CPU.ActiveCfg = Release|Any CPU
		{BCB89636-1417-4A99-AAF5-C8B19A58DE90}.Release|Any CPU.Build.0 = Release|Any CPU
		{B1FD55E1-5FDD-4187-81C5-97E4D9B8D269}.Debug|Any CPU.ActiveCfg = Debug|Any CPU
		{B1FD55E1-5FDD-4187-81C5-97E4D9B8D269}.Debug|Any CPU.Build.0 = Debug|Any CPU
		{B1FD55E1-5FDD-4187-81C5-97E4D9B8D269}.Release|Any CPU.ActiveCfg = Release|Any CPU
		{B1FD55E1-5FDD-4187-81C5-97E4D9B8D269}.Release|Any CPU.Build.0 = Release|Any CPU
		{72204414-FC8A-46A2-8E99-6BF78C9831DE}.Debug|Any CPU.ActiveCfg = Debug|Any CPU
		{72204414-FC8A-46A2-8E99-6BF78C9831DE}.Debug|Any CPU.Build.0 = Debug|Any CPU
		{72204414-FC8A-46A2-8E99-6BF78C9831DE}.Debug|Any CPU.Deploy.0 = Debug|Any CPU
		{72204414-FC8A-46A2-8E99-6BF78C9831DE}.Release|Any CPU.ActiveCfg = Release|Any CPU
		{72204414-FC8A-46A2-8E99-6BF78C9831DE}.Release|Any CPU.Build.0 = Release|Any CPU
		{72204414-FC8A-46A2-8E99-6BF78C9831DE}.Release|Any CPU.Deploy.0 = Release|Any CPU
		{0F55C4DA-9909-4202-A813-FAC33A2C8D02}.Debug|Any CPU.ActiveCfg = Debug|Any CPU
		{0F55C4DA-9909-4202-A813-FAC33A2C8D02}.Debug|Any CPU.Build.0 = Debug|Any CPU
		{0F55C4DA-9909-4202-A813-FAC33A2C8D02}.Release|Any CPU.ActiveCfg = Release|Any CPU
		{0F55C4DA-9909-4202-A813-FAC33A2C8D02}.Release|Any CPU.Build.0 = Release|Any CPU
	EndGlobalSection
	GlobalSection(SolutionProperties) = preSolution
		HideSolutionNode = FALSE
	EndGlobalSection
	GlobalSection(NestedProjects) = preSolution
		{18FC8996-8333-4A55-9491-E06DF29DE4B0} = {FA72A89C-893E-4AD8-9E1C-0E21664E5B72}
		{1793E278-8A24-4048-8F38-1D822A93F8E3} = {FA72A89C-893E-4AD8-9E1C-0E21664E5B72}
		{6380F083-F7F0-4F45-AE4F-9DE806F02C41} = {FA72A89C-893E-4AD8-9E1C-0E21664E5B72}
		{BCB89636-1417-4A99-AAF5-C8B19A58DE90} = {FA72A89C-893E-4AD8-9E1C-0E21664E5B72}
		{B1FD55E1-5FDD-4187-81C5-97E4D9B8D269} = {9FFB66D3-A639-4E03-90A6-D64FC6967E57}
		{72204414-FC8A-46A2-8E99-6BF78C9831DE} = {FA72A89C-893E-4AD8-9E1C-0E21664E5B72}
		{0F55C4DA-9909-4202-A813-FAC33A2C8D02} = {FA72A89C-893E-4AD8-9E1C-0E21664E5B72}
	EndGlobalSection
	GlobalSection(ExtensibilityGlobals) = postSolution
		SolutionGuid = {E374D75C-5534-409D-9F24-63F4C7192138}
	EndGlobalSection
EndGlobal
