
Microsoft Visual Studio Solution File, Format Version 12.00
# Visual Studio Version 17
VisualStudioVersion = 17.7.34202.233
MinimumVisualStudioVersion = 10.0.40219.1
Project("{2150E333-8FDC-42A3-9474-1A3956D46DE8}") = "src", "src", "{FA72A89C-893E-4AD8-9E1C-0E21664E5B72}"
EndProject
Project("{FAE04EC0-301F-11D3-BF4B-00C04F79EFBC}") = "ECommerce.Core", "ECommerce.Core\ECommerce.Core.csproj", "{61C3FB47-D1CA-485B-B773-D36C142E868F}"
EndProject
Project("{FAE04EC0-301F-11D3-BF4B-00C04F79EFBC}") = "ECommerce.Infastructure", "ECommerce.Infastructure\ECommerce.Infastructure.csproj", "{24E63AB5-80F1-41B8-86D1-7B0F985C7842}"
EndProject
Project("{2150E333-8FDC-42A3-9474-1A3956D46DE8}") = "tests", "tests", "{9FFB66D3-A639-4E03-90A6-D64FC6967E57}"
EndProject
Project("{FAE04EC0-301F-11D3-BF4B-00C04F79EFBC}") = "ECommerce.WebAPI", "ECommerce.API\ECommerce.WebAPI.csproj", "{CA97B427-8E62-440D-AB70-3E1B1D614E6D}"
EndProject
Global
	GlobalSection(SolutionConfigurationPlatforms) = preSolution
		Debug|Any CPU = Debug|Any CPU
		Release|Any CPU = Release|Any CPU
	EndGlobalSection
	GlobalSection(ProjectConfigurationPlatforms) = postSolution
		{61C3FB47-D1CA-485B-B773-D36C142E868F}.Debug|Any CPU.ActiveCfg = Debug|Any CPU
		{61C3FB47-D1CA-485B-B773-D36C142E868F}.Debug|Any CPU.Build.0 = Debug|Any CPU
		{61C3FB47-D1CA-485B-B773-D36C142E868F}.Release|Any CPU.ActiveCfg = Release|Any CPU
		{61C3FB47-D1CA-485B-B773-D36C142E868F}.Release|Any CPU.Build.0 = Release|Any CPU
		{24E63AB5-80F1-41B8-86D1-7B0F985C7842}.Debug|Any CPU.ActiveCfg = Debug|Any CPU
		{24E63AB5-80F1-41B8-86D1-7B0F985C7842}.Debug|Any CPU.Build.0 = Debug|Any CPU
		{24E63AB5-80F1-41B8-86D1-7B0F985C7842}.Release|Any CPU.ActiveCfg = Release|Any CPU
		{24E63AB5-80F1-41B8-86D1-7B0F985C7842}.Release|Any CPU.Build.0 = Release|Any CPU
		{CA97B427-8E62-440D-AB70-3E1B1D614E6D}.Debug|Any CPU.ActiveCfg = Debug|Any CPU
		{CA97B427-8E62-440D-AB70-3E1B1D614E6D}.Debug|Any CPU.Build.0 = Debug|Any CPU
		{CA97B427-8E62-440D-AB70-3E1B1D614E6D}.Release|Any CPU.ActiveCfg = Release|Any CPU
		{CA97B427-8E62-440D-AB70-3E1B1D614E6D}.Release|Any CPU.Build.0 = Release|Any CPU
	EndGlobalSection
	GlobalSection(SolutionProperties) = preSolution
		HideSolutionNode = FALSE
	EndGlobalSection
	GlobalSection(NestedProjects) = preSolution
		{61C3FB47-D1CA-485B-B773-D36C142E868F} = {FA72A89C-893E-4AD8-9E1C-0E21664E5B72}
		{24E63AB5-80F1-41B8-86D1-7B0F985C7842} = {FA72A89C-893E-4AD8-9E1C-0E21664E5B72}
		{CA97B427-8E62-440D-AB70-3E1B1D614E6D} = {FA72A89C-893E-4AD8-9E1C-0E21664E5B72}
	EndGlobalSection
	GlobalSection(ExtensibilityGlobals) = postSolution
		SolutionGuid = {E374D75C-5534-409D-9F24-63F4C7192138}
	EndGlobalSection
EndGlobal
